
Microsoft Visual Studio Solution File, Format Version 12.00
# Visual Studio 2013
VisualStudioVersion = 12.0.31101.0
MinimumVisualStudioVersion = 10.0.40219.1
Project("{FAE04EC0-301F-11D3-BF4B-00C04F79EFBC}") = "1_PushingDataBackToParentForm", "1_PushingDataBackToParentForm\1_PushingDataBackToParentForm.csproj", "{2A58290B-87C9-4DBB-8F10-877CFD8544B3}"
EndProject
Project("{FAE04EC0-301F-11D3-BF4B-00C04F79EFBC}") = "0_MockClassroomProject", "0_MockClassroomProject\0_MockClassroomProject.csproj", "{CB0481EF-E584-4997-90E6-5B418CD671D2}"
EndProject
Project("{FAE04EC0-301F-11D3-BF4B-00C04F79EFBC}") = "2_PushingDataBackToOneOfMultipleParentForms", "2_PushingDataBackToOneOfMultipleForms\2_PushingDataBackToOneOfMultipleParentForms.csproj", "{051D7E5D-8053-4EEC-B5BE-037487707CCA}"
EndProject
Project("{FAE04EC0-301F-11D3-BF4B-00C04F79EFBC}") = "3_PullingDataFromChildForm", "3_PullingDataFromChildForm\3_PullingDataFromChildForm.csproj", "{516AB2F7-9B64-42B7-B4AC-82B0E0820C01}"
EndProject
Global
	GlobalSection(SolutionConfigurationPlatforms) = preSolution
		Debug|Any CPU = Debug|Any CPU
		Release|Any CPU = Release|Any CPU
	EndGlobalSection
	GlobalSection(ProjectConfigurationPlatforms) = postSolution
		{2A58290B-87C9-4DBB-8F10-877CFD8544B3}.Debug|Any CPU.ActiveCfg = Debug|Any CPU
		{2A58290B-87C9-4DBB-8F10-877CFD8544B3}.Debug|Any CPU.Build.0 = Debug|Any CPU
		{2A58290B-87C9-4DBB-8F10-877CFD8544B3}.Release|Any CPU.ActiveCfg = Release|Any CPU
		{2A58290B-87C9-4DBB-8F10-877CFD8544B3}.Release|Any CPU.Build.0 = Release|Any CPU
		{CB0481EF-E584-4997-90E6-5B418CD671D2}.Debug|Any CPU.ActiveCfg = Debug|Any CPU
		{CB0481EF-E584-4997-90E6-5B418CD671D2}.Debug|Any CPU.Build.0 = Debug|Any CPU
		{CB0481EF-E584-4997-90E6-5B418CD671D2}.Release|Any CPU.ActiveCfg = Release|Any CPU
		{CB0481EF-E584-4997-90E6-5B418CD671D2}.Release|Any CPU.Build.0 = Release|Any CPU
		{051D7E5D-8053-4EEC-B5BE-037487707CCA}.Debug|Any CPU.ActiveCfg = Debug|Any CPU
		{051D7E5D-8053-4EEC-B5BE-037487707CCA}.Debug|Any CPU.Build.0 = Debug|Any CPU
		{051D7E5D-8053-4EEC-B5BE-037487707CCA}.Release|Any CPU.ActiveCfg = Release|Any CPU
		{051D7E5D-8053-4EEC-B5BE-037487707CCA}.Release|Any CPU.Build.0 = Release|Any CPU
		{516AB2F7-9B64-42B7-B4AC-82B0E0820C01}.Debug|Any CPU.ActiveCfg = Debug|Any CPU
		{516AB2F7-9B64-42B7-B4AC-82B0E0820C01}.Debug|Any CPU.Build.0 = Debug|Any CPU
		{516AB2F7-9B64-42B7-B4AC-82B0E0820C01}.Release|Any CPU.ActiveCfg = Release|Any CPU
		{516AB2F7-9B64-42B7-B4AC-82B0E0820C01}.Release|Any CPU.Build.0 = Release|Any CPU
	EndGlobalSection
	GlobalSection(SolutionProperties) = preSolution
		HideSolutionNode = FALSE
	EndGlobalSection
EndGlobal
