
Microsoft Visual Studio Solution File, Format Version 12.00
# Visual Studio Version 16
VisualStudioVersion = 16.0.28803.156
MinimumVisualStudioVersion = 10.0.40219.1
Project("{FAE04EC0-301F-11D3-BF4B-00C04F79EFBC}") = "FileShareExample", "FileShareExample\FileShareExample.csproj", "{5BFFF200-7959-4F22-AAF1-F2D552C88A22}"
EndProject
Global
	GlobalSection(SolutionConfigurationPlatforms) = preSolution
		Debug|Any CPU = Debug|Any CPU
		Release|Any CPU = Release|Any CPU
	EndGlobalSection
	GlobalSection(ProjectConfigurationPlatforms) = postSolution
		{5BFFF200-7959-4F22-AAF1-F2D552C88A22}.Debug|Any CPU.ActiveCfg = Debug|Any CPU
		{5BFFF200-7959-4F22-AAF1-F2D552C88A22}.Debug|Any CPU.Build.0 = Debug|Any CPU
		{5BFFF200-7959-4F22-AAF1-F2D552C88A22}.Release|Any CPU.ActiveCfg = Release|Any CPU
		{5BFFF200-7959-4F22-AAF1-F2D552C88A22}.Release|Any CPU.Build.0 = Release|Any CPU
	EndGlobalSection
	GlobalSection(SolutionProperties) = preSolution
		HideSolutionNode = FALSE
	EndGlobalSection
	GlobalSection(ExtensibilityGlobals) = postSolution
		SolutionGuid = {6C11453A-1CE3-4A79-AF17-120B5FDDCD33}
	EndGlobalSection
EndGlobal
