
Microsoft Visual Studio Solution File, Format Version 12.00
# Visual Studio Version 16
VisualStudioVersion = 16.0.29905.134
MinimumVisualStudioVersion = 10.0.40219.1
Project("{FAE04EC0-301F-11D3-BF4B-00C04F79EFBC}") = "GetKnownFolder", "GetKnownFolder\GetKnownFolder.csproj", "{AD3B1D8E-7925-4313-BBD3-91AF5FC8D571}"
EndProject
Global
	GlobalSection(SolutionConfigurationPlatforms) = preSolution
		Debug|Any CPU = Debug|Any CPU
		Release|Any CPU = Release|Any CPU
	EndGlobalSection
	GlobalSection(ProjectConfigurationPlatforms) = postSolution
		{AD3B1D8E-7925-4313-BBD3-91AF5FC8D571}.Debug|Any CPU.ActiveCfg = Debug|Any CPU
		{AD3B1D8E-7925-4313-BBD3-91AF5FC8D571}.Debug|Any CPU.Build.0 = Debug|Any CPU
		{AD3B1D8E-7925-4313-BBD3-91AF5FC8D571}.Release|Any CPU.ActiveCfg = Release|Any CPU
		{AD3B1D8E-7925-4313-BBD3-91AF5FC8D571}.Release|Any CPU.Build.0 = Release|Any CPU
	EndGlobalSection
	GlobalSection(SolutionProperties) = preSolution
		HideSolutionNode = FALSE
	EndGlobalSection
	GlobalSection(ExtensibilityGlobals) = postSolution
		SolutionGuid = {E8D09A4B-9029-4BB4-B50A-2DEBD19BD0E8}
	EndGlobalSection
EndGlobal
