
Microsoft Visual Studio Solution File, Format Version 12.00
# Visual Studio Version 17
VisualStudioVersion = 17.6.33801.468
MinimumVisualStudioVersion = 10.0.40219.1
Project("{FAE04EC0-301F-11D3-BF4B-00C04F79EFBC}") = "SingletonVsTransientDI", "SingletonVsTransientDI\SingletonVsTransientDI.csproj", "{F0CF572A-C721-4DCA-84BC-83FBD81EA210}"
EndProject
Global
	GlobalSection(SolutionConfigurationPlatforms) = preSolution
		Debug|Any CPU = Debug|Any CPU
		Release|Any CPU = Release|Any CPU
	EndGlobalSection
	GlobalSection(ProjectConfigurationPlatforms) = postSolution
		{F0CF572A-C721-4DCA-84BC-83FBD81EA210}.Debug|Any CPU.ActiveCfg = Debug|Any CPU
		{F0CF572A-C721-4DCA-84BC-83FBD81EA210}.Debug|Any CPU.Build.0 = Debug|Any CPU
		{F0CF572A-C721-4DCA-84BC-83FBD81EA210}.Release|Any CPU.ActiveCfg = Release|Any CPU
		{F0CF572A-C721-4DCA-84BC-83FBD81EA210}.Release|Any CPU.Build.0 = Release|Any CPU
	EndGlobalSection
	GlobalSection(SolutionProperties) = preSolution
		HideSolutionNode = FALSE
	EndGlobalSection
	GlobalSection(ExtensibilityGlobals) = postSolution
		SolutionGuid = {A1F6A322-85C0-4474-8A9E-83B8ECA1016F}
	EndGlobalSection
EndGlobal
