
Microsoft Visual Studio Solution File, Format Version 12.00
# Visual Studio Version 16
VisualStudioVersion = 16.0.30717.126
MinimumVisualStudioVersion = 10.0.40219.1
Project("{FAE04EC0-301F-11D3-BF4B-00C04F79EFBC}") = "MockingDependencies", "MockingDependencies\MockingDependencies.csproj", "{9E4F0DED-C693-4F4D-A019-B3F0C05935BA}"
EndProject
Project("{FAE04EC0-301F-11D3-BF4B-00C04F79EFBC}") = "MockingDependenciesTests", "MockingDependenciesTests\MockingDependenciesTests.csproj", "{5E181FCB-6377-46AB-8E8A-7C9996DB8B6E}"
EndProject
Global
	GlobalSection(SolutionConfigurationPlatforms) = preSolution
		Debug|Any CPU = Debug|Any CPU
		Release|Any CPU = Release|Any CPU
	EndGlobalSection
	GlobalSection(ProjectConfigurationPlatforms) = postSolution
		{9E4F0DED-C693-4F4D-A019-B3F0C05935BA}.Debug|Any CPU.ActiveCfg = Debug|Any CPU
		{9E4F0DED-C693-4F4D-A019-B3F0C05935BA}.Debug|Any CPU.Build.0 = Debug|Any CPU
		{9E4F0DED-C693-4F4D-A019-B3F0C05935BA}.Release|Any CPU.ActiveCfg = Release|Any CPU
		{9E4F0DED-C693-4F4D-A019-B3F0C05935BA}.Release|Any CPU.Build.0 = Release|Any CPU
		{5E181FCB-6377-46AB-8E8A-7C9996DB8B6E}.Debug|Any CPU.ActiveCfg = Debug|Any CPU
		{5E181FCB-6377-46AB-8E8A-7C9996DB8B6E}.Debug|Any CPU.Build.0 = Debug|Any CPU
		{5E181FCB-6377-46AB-8E8A-7C9996DB8B6E}.Release|Any CPU.ActiveCfg = Release|Any CPU
		{5E181FCB-6377-46AB-8E8A-7C9996DB8B6E}.Release|Any CPU.Build.0 = Release|Any CPU
	EndGlobalSection
	GlobalSection(SolutionProperties) = preSolution
		HideSolutionNode = FALSE
	EndGlobalSection
	GlobalSection(ExtensibilityGlobals) = postSolution
		SolutionGuid = {A193048F-19FB-457E-802A-24AF5B0453F7}
	EndGlobalSection
EndGlobal
