
Microsoft Visual Studio Solution File, Format Version 12.00
# Visual Studio 15
VisualStudioVersion = 15.0.26430.12
MinimumVisualStudioVersion = 10.0.40219.1
Project("{FAE04EC0-301F-11D3-BF4B-00C04F79EFBC}") = "vs4win_console1_netcore", "vs4win_console1_netcore\vs4win_console1_netcore.csproj", "{843A2581-1FF2-4740-B824-D3D67409E42C}"
EndProject
Global
	GlobalSection(SolutionConfigurationPlatforms) = preSolution
		Debug|Any CPU = Debug|Any CPU
		Release|Any CPU = Release|Any CPU
	EndGlobalSection
	GlobalSection(ProjectConfigurationPlatforms) = postSolution
		{843A2581-1FF2-4740-B824-D3D67409E42C}.Debug|Any CPU.ActiveCfg = Debug|Any CPU
		{843A2581-1FF2-4740-B824-D3D67409E42C}.Debug|Any CPU.Build.0 = Debug|Any CPU
		{843A2581-1FF2-4740-B824-D3D67409E42C}.Release|Any CPU.ActiveCfg = Release|Any CPU
		{843A2581-1FF2-4740-B824-D3D67409E42C}.Release|Any CPU.Build.0 = Release|Any CPU
	EndGlobalSection
	GlobalSection(SolutionProperties) = preSolution
		HideSolutionNode = FALSE
	EndGlobalSection
EndGlobal
