
Microsoft Visual Studio Solution File, Format Version 12.00
# Visual Studio Version 17
VisualStudioVersion = 17.9.34622.214
MinimumVisualStudioVersion = 10.0.40219.1
Project("{FAE04EC0-301F-11D3-BF4B-00C04F79EFBC}") = "1_ChildPushesDataToParent", "1_PushingDataBackToParentForm\1_ChildPushesDataToParent.csproj", "{2A58290B-87C9-4DBB-8F10-877CFD8544B3}"
EndProject
Project("{FAE04EC0-301F-11D3-BF4B-00C04F79EFBC}") = "2_ChildPushesDataToOneOfMultipleParents", "2_PushingDataBackToOneOfMultipleForms\2_ChildPushesDataToOneOfMultipleParents.csproj", "{051D7E5D-8053-4EEC-B5BE-037487707CCA}"
EndProject
Project("{FAE04EC0-301F-11D3-BF4B-00C04F79EFBC}") = "3_ParentPullsDataFromChild", "3_PullingDataFromChildForm\3_ParentPullsDataFromChild.csproj", "{516AB2F7-9B64-42B7-B4AC-82B0E0820C01}"
EndProject
Global
	GlobalSection(SolutionConfigurationPlatforms) = preSolution
		Debug|Any CPU = Debug|Any CPU
		Release|Any CPU = Release|Any CPU
	EndGlobalSection
	GlobalSection(ProjectConfigurationPlatforms) = postSolution
		{2A58290B-87C9-4DBB-8F10-877CFD8544B3}.Debug|Any CPU.ActiveCfg = Debug|Any CPU
		{2A58290B-87C9-4DBB-8F10-877CFD8544B3}.Debug|Any CPU.Build.0 = Debug|Any CPU
		{2A58290B-87C9-4DBB-8F10-877CFD8544B3}.Release|Any CPU.ActiveCfg = Release|Any CPU
		{2A58290B-87C9-4DBB-8F10-877CFD8544B3}.Release|Any CPU.Build.0 = Release|Any CPU
		{051D7E5D-8053-4EEC-B5BE-037487707CCA}.Debug|Any CPU.ActiveCfg = Debug|Any CPU
		{051D7E5D-8053-4EEC-B5BE-037487707CCA}.Debug|Any CPU.Build.0 = Debug|Any CPU
		{051D7E5D-8053-4EEC-B5BE-037487707CCA}.Release|Any CPU.ActiveCfg = Release|Any CPU
		{051D7E5D-8053-4EEC-B5BE-037487707CCA}.Release|Any CPU.Build.0 = Release|Any CPU
		{516AB2F7-9B64-42B7-B4AC-82B0E0820C01}.Debug|Any CPU.ActiveCfg = Debug|Any CPU
		{516AB2F7-9B64-42B7-B4AC-82B0E0820C01}.Debug|Any CPU.Build.0 = Debug|Any CPU
		{516AB2F7-9B64-42B7-B4AC-82B0E0820C01}.Release|Any CPU.ActiveCfg = Release|Any CPU
		{516AB2F7-9B64-42B7-B4AC-82B0E0820C01}.Release|Any CPU.Build.0 = Release|Any CPU
	EndGlobalSection
	GlobalSection(SolutionProperties) = preSolution
		HideSolutionNode = FALSE
	EndGlobalSection
	GlobalSection(ExtensibilityGlobals) = postSolution
		SolutionGuid = {DB94649D-DB48-4365-AEE1-6A1F3C46F8DA}
	EndGlobalSection
EndGlobal
