
Microsoft Visual Studio Solution File, Format Version 12.00
# Visual Studio Version 16
VisualStudioVersion = 16.0.28803.156
MinimumVisualStudioVersion = 10.0.40219.1
Project("{FAE04EC0-301F-11D3-BF4B-00C04F79EFBC}") = "SampleLibrary", "ReadingConfigFile\SampleLibrary.csproj", "{14C3C922-71CD-46A7-BAE1-34EAF57814A3}"
EndProject
Project("{FAE04EC0-301F-11D3-BF4B-00C04F79EFBC}") = "SampleLibrary.Tests", "SampleLibrary.Tests\SampleLibrary.Tests.csproj", "{2AF57615-FE94-423D-A145-D36EE306DFD9}"
EndProject
Project("{9A19103F-16F7-4668-BE54-9A1E7A4F7556}") = "SampleLibrary.Demo", "SampleLibrary.Demo\SampleLibrary.Demo.csproj", "{D818EE33-362E-4874-9711-AB70F191A491}"
EndProject
Global
	GlobalSection(SolutionConfigurationPlatforms) = preSolution
		Debug|Any CPU = Debug|Any CPU
		Release|Any CPU = Release|Any CPU
	EndGlobalSection
	GlobalSection(ProjectConfigurationPlatforms) = postSolution
		{14C3C922-71CD-46A7-BAE1-34EAF57814A3}.Debug|Any CPU.ActiveCfg = Debug|Any CPU
		{14C3C922-71CD-46A7-BAE1-34EAF57814A3}.Debug|Any CPU.Build.0 = Debug|Any CPU
		{14C3C922-71CD-46A7-BAE1-34EAF57814A3}.Release|Any CPU.ActiveCfg = Release|Any CPU
		{14C3C922-71CD-46A7-BAE1-34EAF57814A3}.Release|Any CPU.Build.0 = Release|Any CPU
		{2AF57615-FE94-423D-A145-D36EE306DFD9}.Debug|Any CPU.ActiveCfg = Debug|Any CPU
		{2AF57615-FE94-423D-A145-D36EE306DFD9}.Debug|Any CPU.Build.0 = Debug|Any CPU
		{2AF57615-FE94-423D-A145-D36EE306DFD9}.Release|Any CPU.ActiveCfg = Release|Any CPU
		{2AF57615-FE94-423D-A145-D36EE306DFD9}.Release|Any CPU.Build.0 = Release|Any CPU
		{D818EE33-362E-4874-9711-AB70F191A491}.Debug|Any CPU.ActiveCfg = Debug|Any CPU
		{D818EE33-362E-4874-9711-AB70F191A491}.Debug|Any CPU.Build.0 = Debug|Any CPU
		{D818EE33-362E-4874-9711-AB70F191A491}.Release|Any CPU.ActiveCfg = Release|Any CPU
		{D818EE33-362E-4874-9711-AB70F191A491}.Release|Any CPU.Build.0 = Release|Any CPU
	EndGlobalSection
	GlobalSection(SolutionProperties) = preSolution
		HideSolutionNode = FALSE
	EndGlobalSection
	GlobalSection(ExtensibilityGlobals) = postSolution
		SolutionGuid = {201F3A95-1CAA-4310-9F33-CDC0BDE984C7}
	EndGlobalSection
EndGlobal
