
Microsoft Visual Studio Solution File, Format Version 12.00
# Visual Studio Version 16
VisualStudioVersion = 16.0.29102.190
MinimumVisualStudioVersion = 10.0.40219.1
Project("{FAE04EC0-301F-11D3-BF4B-00C04F79EFBC}") = "2FAQrCode", "2FAQrCode\2FAQrCode.csproj", "{9D81373F-55F5-491A-8056-5DDE9543105C}"
EndProject
Global
	GlobalSection(SolutionConfigurationPlatforms) = preSolution
		Debug|Any CPU = Debug|Any CPU
		Release|Any CPU = Release|Any CPU
	EndGlobalSection
	GlobalSection(ProjectConfigurationPlatforms) = postSolution
		{9D81373F-55F5-491A-8056-5DDE9543105C}.Debug|Any CPU.ActiveCfg = Debug|Any CPU
		{9D81373F-55F5-491A-8056-5DDE9543105C}.Debug|Any CPU.Build.0 = Debug|Any CPU
		{9D81373F-55F5-491A-8056-5DDE9543105C}.Release|Any CPU.ActiveCfg = Release|Any CPU
		{9D81373F-55F5-491A-8056-5DDE9543105C}.Release|Any CPU.Build.0 = Release|Any CPU
	EndGlobalSection
	GlobalSection(SolutionProperties) = preSolution
		HideSolutionNode = FALSE
	EndGlobalSection
	GlobalSection(ExtensibilityGlobals) = postSolution
		SolutionGuid = {70A564BC-0910-4DD1-99FB-09FFFCF2FEB0}
	EndGlobalSection
EndGlobal
